
Microsoft Visual Studio Solution File, Format Version 12.00
# Visual Studio 2012
Project("{FAE04EC0-301F-11D3-BF4B-00C04F79EFBC}") = "NullObject", "NullObject\NullObject.csproj", "{62829DAE-64ED-485B-ADA7-9F1F22B590C0}"
EndProject
Project("{FAE04EC0-301F-11D3-BF4B-00C04F79EFBC}") = "Factory.Method", "Factory.Method\Factory.Method.csproj", "{B666AD5F-714C-4C99-B93E-4BCCB1B61A99}"
EndProject
Project("{FAE04EC0-301F-11D3-BF4B-00C04F79EFBC}") = "Simple.Factory", "Simple.Factory\Simple.Factory.csproj", "{82E25A8E-2907-4CB2-9986-07A12AE5FF4D}"
EndProject
Project("{FAE04EC0-301F-11D3-BF4B-00C04F79EFBC}") = "Singleton", "Singleton\Singleton.csproj", "{A166AA32-C9DF-4E73-97A2-67CBD90223C9}"
EndProject
Project("{FAE04EC0-301F-11D3-BF4B-00C04F79EFBC}") = "Abstract.Factory", "Abstract.Factory\Abstract.Factory.csproj", "{44FED5C2-EC1D-4639-8837-9A71A090B022}"
EndProject
Project("{FAE04EC0-301F-11D3-BF4B-00C04F79EFBC}") = "Builder.Pattern", "Builder.Pattern\Builder.Pattern.csproj", "{E4124196-1B9D-4D5A-BF24-2A202A880497}"
EndProject
Project("{FAE04EC0-301F-11D3-BF4B-00C04F79EFBC}") = "Prototype.Pattern", "Prototype.Pattern\Prototype.Pattern.csproj", "{857846A4-CF72-4D50-B7B1-283F9045A35C}"
EndProject
Project("{2150E333-8FDC-42A3-9474-1A3956D46DE8}") = "Creational Pattern", "Creational Pattern", "{F48925B8-9A96-4A75-818D-59BCF1C6420E}"
EndProject
Global
	GlobalSection(SolutionConfigurationPlatforms) = preSolution
		Debug|Any CPU = Debug|Any CPU
		Release|Any CPU = Release|Any CPU
	EndGlobalSection
	GlobalSection(ProjectConfigurationPlatforms) = postSolution
		{62829DAE-64ED-485B-ADA7-9F1F22B590C0}.Debug|Any CPU.ActiveCfg = Debug|Any CPU
		{62829DAE-64ED-485B-ADA7-9F1F22B590C0}.Debug|Any CPU.Build.0 = Debug|Any CPU
		{62829DAE-64ED-485B-ADA7-9F1F22B590C0}.Release|Any CPU.ActiveCfg = Release|Any CPU
		{62829DAE-64ED-485B-ADA7-9F1F22B590C0}.Release|Any CPU.Build.0 = Release|Any CPU
		{B666AD5F-714C-4C99-B93E-4BCCB1B61A99}.Debug|Any CPU.ActiveCfg = Debug|Any CPU
		{B666AD5F-714C-4C99-B93E-4BCCB1B61A99}.Debug|Any CPU.Build.0 = Debug|Any CPU
		{B666AD5F-714C-4C99-B93E-4BCCB1B61A99}.Release|Any CPU.ActiveCfg = Release|Any CPU
		{B666AD5F-714C-4C99-B93E-4BCCB1B61A99}.Release|Any CPU.Build.0 = Release|Any CPU
		{82E25A8E-2907-4CB2-9986-07A12AE5FF4D}.Debug|Any CPU.ActiveCfg = Debug|Any CPU
		{82E25A8E-2907-4CB2-9986-07A12AE5FF4D}.Debug|Any CPU.Build.0 = Debug|Any CPU
		{82E25A8E-2907-4CB2-9986-07A12AE5FF4D}.Release|Any CPU.ActiveCfg = Release|Any CPU
		{82E25A8E-2907-4CB2-9986-07A12AE5FF4D}.Release|Any CPU.Build.0 = Release|Any CPU
		{A166AA32-C9DF-4E73-97A2-67CBD90223C9}.Debug|Any CPU.ActiveCfg = Debug|Any CPU
		{A166AA32-C9DF-4E73-97A2-67CBD90223C9}.Debug|Any CPU.Build.0 = Debug|Any CPU
		{A166AA32-C9DF-4E73-97A2-67CBD90223C9}.Release|Any CPU.ActiveCfg = Release|Any CPU
		{A166AA32-C9DF-4E73-97A2-67CBD90223C9}.Release|Any CPU.Build.0 = Release|Any CPU
		{44FED5C2-EC1D-4639-8837-9A71A090B022}.Debug|Any CPU.ActiveCfg = Debug|Any CPU
		{44FED5C2-EC1D-4639-8837-9A71A090B022}.Debug|Any CPU.Build.0 = Debug|Any CPU
		{44FED5C2-EC1D-4639-8837-9A71A090B022}.Release|Any CPU.ActiveCfg = Release|Any CPU
		{44FED5C2-EC1D-4639-8837-9A71A090B022}.Release|Any CPU.Build.0 = Release|Any CPU
		{E4124196-1B9D-4D5A-BF24-2A202A880497}.Debug|Any CPU.ActiveCfg = Debug|Any CPU
		{E4124196-1B9D-4D5A-BF24-2A202A880497}.Debug|Any CPU.Build.0 = Debug|Any CPU
		{E4124196-1B9D-4D5A-BF24-2A202A880497}.Release|Any CPU.ActiveCfg = Release|Any CPU
		{E4124196-1B9D-4D5A-BF24-2A202A880497}.Release|Any CPU.Build.0 = Release|Any CPU
		{857846A4-CF72-4D50-B7B1-283F9045A35C}.Debug|Any CPU.ActiveCfg = Debug|Any CPU
		{857846A4-CF72-4D50-B7B1-283F9045A35C}.Debug|Any CPU.Build.0 = Debug|Any CPU
		{857846A4-CF72-4D50-B7B1-283F9045A35C}.Release|Any CPU.ActiveCfg = Release|Any CPU
		{857846A4-CF72-4D50-B7B1-283F9045A35C}.Release|Any CPU.Build.0 = Release|Any CPU
	EndGlobalSection
	GlobalSection(SolutionProperties) = preSolution
		HideSolutionNode = FALSE
	EndGlobalSection
	GlobalSection(NestedProjects) = preSolution
		{44FED5C2-EC1D-4639-8837-9A71A090B022} = {F48925B8-9A96-4A75-818D-59BCF1C6420E}
		{E4124196-1B9D-4D5A-BF24-2A202A880497} = {F48925B8-9A96-4A75-818D-59BCF1C6420E}
		{B666AD5F-714C-4C99-B93E-4BCCB1B61A99} = {F48925B8-9A96-4A75-818D-59BCF1C6420E}
		{62829DAE-64ED-485B-ADA7-9F1F22B590C0} = {F48925B8-9A96-4A75-818D-59BCF1C6420E}
		{857846A4-CF72-4D50-B7B1-283F9045A35C} = {F48925B8-9A96-4A75-818D-59BCF1C6420E}
		{82E25A8E-2907-4CB2-9986-07A12AE5FF4D} = {F48925B8-9A96-4A75-818D-59BCF1C6420E}
		{A166AA32-C9DF-4E73-97A2-67CBD90223C9} = {F48925B8-9A96-4A75-818D-59BCF1C6420E}
	EndGlobalSection
EndGlobal
